
Microsoft Visual Studio Solution File, Format Version 12.00
# Visual Studio Version 17
VisualStudioVersion = 17.5.33516.290
MinimumVisualStudioVersion = 10.0.40219.1
Project("{FAE04EC0-301F-11D3-BF4B-00C04F79EFBC}") = "NutriTEC_API", "NutriTEC_API.csproj", "{B66AEF5D-9736-4AD9-AE0E-81D953E01330}"
EndProject
Global
	GlobalSection(SolutionConfigurationPlatforms) = preSolution
		Debug|Any CPU = Debug|Any CPU
		Release|Any CPU = Release|Any CPU
	EndGlobalSection
	GlobalSection(ProjectConfigurationPlatforms) = postSolution
		{B66AEF5D-9736-4AD9-AE0E-81D953E01330}.Debug|Any CPU.ActiveCfg = Debug|Any CPU
		{B66AEF5D-9736-4AD9-AE0E-81D953E01330}.Debug|Any CPU.Build.0 = Debug|Any CPU
		{B66AEF5D-9736-4AD9-AE0E-81D953E01330}.Release|Any CPU.ActiveCfg = Release|Any CPU
		{B66AEF5D-9736-4AD9-AE0E-81D953E01330}.Release|Any CPU.Build.0 = Release|Any CPU
	EndGlobalSection
	GlobalSection(SolutionProperties) = preSolution
		HideSolutionNode = FALSE
	EndGlobalSection
	GlobalSection(ExtensibilityGlobals) = postSolution
		SolutionGuid = {4B467630-C340-4538-B307-B2621E9B4662}
	EndGlobalSection
EndGlobal
